
Microsoft Visual Studio Solution File, Format Version 12.00
# Visual Studio Version 17
VisualStudioVersion = 17.3.32929.385
MinimumVisualStudioVersion = 10.0.40219.1
Project("{9A19103F-16F7-4668-BE54-9A1E7A4F7556}") = "App.RPG", "Udemy\App.RPG.csproj", "{D1670406-2778-434B-A59B-414BD9B6701C}"
EndProject
Global
	GlobalSection(SolutionConfigurationPlatforms) = preSolution
		Debug|Any CPU = Debug|Any CPU
		Release|Any CPU = Release|Any CPU
	EndGlobalSection
	GlobalSection(ProjectConfigurationPlatforms) = postSolution
		{D1670406-2778-434B-A59B-414BD9B6701C}.Debug|Any CPU.ActiveCfg = Debug|Any CPU
		{D1670406-2778-434B-A59B-414BD9B6701C}.Debug|Any CPU.Build.0 = Debug|Any CPU
		{D1670406-2778-434B-A59B-414BD9B6701C}.Release|Any CPU.ActiveCfg = Release|Any CPU
		{D1670406-2778-434B-A59B-414BD9B6701C}.Release|Any CPU.Build.0 = Release|Any CPU
	EndGlobalSection
	GlobalSection(SolutionProperties) = preSolution
		HideSolutionNode = FALSE
	EndGlobalSection
	GlobalSection(ExtensibilityGlobals) = postSolution
		SolutionGuid = {CBD206F8-7174-4482-8608-5E05B4DA1803}
	EndGlobalSection
EndGlobal
